{
  "nodes": {
    "agent-deck": {
      "flake": false,
      "locked": {
        "lastModified": 1771533180,
        "narHash": "sha256-wfTPa2ey+1HPPvX3+5nL3bSGpsLpMu1kFBEnLWPKhxk=",
        "owner": "asheshgoplani",
        "repo": "agent-deck",
        "rev": "b7bf41fd073a853bd98da559b50674ab1b8a7119",
        "type": "github"
      },
      "original": {
        "owner": "asheshgoplani",
        "repo": "agent-deck",
        "type": "github"
      }
    },
    "agent-of-empires": {
      "flake": false,
      "locked": {
        "lastModified": 1771532683,
        "narHash": "sha256-S8j1MsLoEDaTZfZXjEsURfE3GeB2i9yfA/LPqK3gUJA=",
        "owner": "njbrake",
        "repo": "agent-of-empires",
        "rev": "aa5d2a96bb285fe1ebc9094012a62c7466697541",
        "type": "github"
      },
      "original": {
        "owner": "njbrake",
        "repo": "agent-of-empires",
        "type": "github"
      }
    },
    "home-manager": {
      "inputs": {
        "nixpkgs": [
          "nixpkgs"
        ]
      },
      "locked": {
        "lastModified": 1771531206,
        "narHash": "sha256-1R3Wx6KUkMb4x4E5UOhW9p6rqiexzSGGWxZqSHqW5n0=",
        "owner": "nix-community",
        "repo": "home-manager",
        "rev": "91be7cce763fa4022c7cf025a71b0c366d1b6e77",
        "type": "github"
      },
      "original": {
        "owner": "nix-community",
        "repo": "home-manager",
        "type": "github"
      }
    },
    "nixpkgs": {
      "locked": {
        "lastModified": 1771207753,
        "narHash": "sha256-b9uG8yN50DRQ6A7JdZBfzq718ryYrlmGgqkRm9OOwCE=",
        "owner": "nixos",
        "repo": "nixpkgs",
        "rev": "d1c15b7d5806069da59e819999d70e1cec0760bf",
        "type": "github"
      },
      "original": {
        "owner": "nixos",
        "ref": "nixpkgs-unstable",
        "repo": "nixpkgs",
        "type": "github"
      }
    },
    "opencode": {
      "inputs": {
        "nixpkgs": [
          "nixpkgs"
        ]
      },
      "locked": {
        "lastModified": 1771541465,
        "narHash": "sha256-R6STJWTdePy7O5LASkUO59NYFupHk3f2FMwoSBJEwpk=",
        "owner": "anomalyco",
        "repo": "opencode",
        "rev": "6f0ce9d84b7b482dcf039abe8d0d519b3de51eb3",
        "type": "github"
      },
      "original": {
        "owner": "anomalyco",
        "repo": "opencode",
        "type": "github"
      }
    },
    "opencode-nvim": {
      "flake": false,
      "locked": {
        "lastModified": 1771516992,
        "narHash": "sha256-e6ju58Sky+FXtbz41DcQwY8n9jFLjA0SnQuMIbbDLlU=",
        "owner": "NickvanDyke",
        "repo": "opencode.nvim",
        "rev": "c06a18288d5487498ff6be164bc3a7fe171615dd",
        "type": "github"
      },
      "original": {
        "owner": "NickvanDyke",
        "repo": "opencode.nvim",
        "type": "github"
      }
    },
    "openspec": {
      "inputs": {
        "nixpkgs": [
          "nixpkgs"
        ]
      },
      "locked": {
        "lastModified": 1771409495,
        "narHash": "sha256-LplnuO/OHSFL8S8iwQ16CZTjlPxRV9XohkKxL3uA5Sc=",
        "owner": "Fission-AI",
        "repo": "OpenSpec",
        "rev": "5fd8e9d66c3b6b116e7af814a6013c2d9c4958dd",
        "type": "github"
      },
      "original": {
        "owner": "Fission-AI",
        "repo": "OpenSpec",
        "type": "github"
      }
    },
    "root": {
      "inputs": {
        "agent-deck": "agent-deck",
        "agent-of-empires": "agent-of-empires",
        "home-manager": "home-manager",
        "nixpkgs": "nixpkgs",
        "opencode": "opencode",
        "opencode-nvim": "opencode-nvim",
        "openspec": "openspec"
      }
    }
  },
  "root": "root",
  "version": 7
}
