{
  "nodes": {
    "agent-deck": {
      "flake": false,
      "locked": {
        "lastModified": 1771276441,
        "narHash": "sha256-S4ICCeJ9NOBSJRTvC6U7PX3NJlbMXEU5UGSzkd6oyMs=",
        "owner": "asheshgoplani",
        "repo": "agent-deck",
        "rev": "3a160cb948ea2b4af2dcab5fe5a4624bcf7ecfd2",
        "type": "github"
      },
      "original": {
        "owner": "asheshgoplani",
        "repo": "agent-deck",
        "type": "github"
      }
    },
    "agent-of-empires": {
      "flake": false,
      "locked": {
        "lastModified": 1771350156,
        "narHash": "sha256-IPvFsu5CPJx7IqumAbl1KbAL42kD6MwBLeb8NxXp/2o=",
        "owner": "njbrake",
        "repo": "agent-of-empires",
        "rev": "3d9c6cfe8b7f7cf5ce2bc0780a8ead102c8e5498",
        "type": "github"
      },
      "original": {
        "owner": "njbrake",
        "repo": "agent-of-empires",
        "type": "github"
      }
    },
    "home-manager": {
      "inputs": {
        "nixpkgs": [
          "nixpkgs"
        ]
      },
      "locked": {
        "lastModified": 1771269455,
        "narHash": "sha256-BZ31eN5F99YH6vkc4AhzKGE+tJgJ52kl8f01K7wCs8w=",
        "owner": "nix-community",
        "repo": "home-manager",
        "rev": "5f1d42a97b19803041434f66681d5c44c9ae62e3",
        "type": "github"
      },
      "original": {
        "owner": "nix-community",
        "repo": "home-manager",
        "type": "github"
      }
    },
    "nixpkgs": {
      "locked": {
        "lastModified": 1771177547,
        "narHash": "sha256-trTtk3WTOHz7hSw89xIIvahkgoFJYQ0G43IlqprFoMA=",
        "owner": "nixos",
        "repo": "nixpkgs",
        "rev": "ac055f38c798b0d87695240c7b761b82fc7e5bc2",
        "type": "github"
      },
      "original": {
        "owner": "nixos",
        "ref": "nixpkgs-unstable",
        "repo": "nixpkgs",
        "type": "github"
      }
    },
    "opencode": {
      "inputs": {
        "nixpkgs": [
          "nixpkgs"
        ]
      },
      "locked": {
        "lastModified": 1771350955,
        "narHash": "sha256-WeThiYczjXDtGCsyt843T45YMqwHwlAR+7eGrIghjVo=",
        "owner": "anomalyco",
        "repo": "opencode",
        "rev": "ce7484b4f5c3de1b83db4223052bdf9ce4c0cfb9",
        "type": "github"
      },
      "original": {
        "owner": "anomalyco",
        "repo": "opencode",
        "type": "github"
      }
    },
    "opencode-nvim": {
      "flake": false,
      "locked": {
        "lastModified": 1771352221,
        "narHash": "sha256-9VlURBHN6l42skuFkkYHbnG30cApJnbtX8BDQEYT3S4=",
        "owner": "NickvanDyke",
        "repo": "opencode.nvim",
        "rev": "fb8dce41d7e65c6ad3bd95e4f86bee1df46d30ed",
        "type": "github"
      },
      "original": {
        "owner": "NickvanDyke",
        "repo": "opencode.nvim",
        "type": "github"
      }
    },
    "openspec": {
      "inputs": {
        "nixpkgs": [
          "nixpkgs"
        ]
      },
      "locked": {
        "lastModified": 1771306107,
        "narHash": "sha256-9OUQeBhow3usmSjgVewD3zIVakqgvcnOu16adoxM7jQ=",
        "owner": "Fission-AI",
        "repo": "OpenSpec",
        "rev": "4108563731fd5607c1b3bd9f781a9c4f44112034",
        "type": "github"
      },
      "original": {
        "owner": "Fission-AI",
        "repo": "OpenSpec",
        "type": "github"
      }
    },
    "root": {
      "inputs": {
        "agent-deck": "agent-deck",
        "agent-of-empires": "agent-of-empires",
        "home-manager": "home-manager",
        "nixpkgs": "nixpkgs",
        "opencode": "opencode",
        "opencode-nvim": "opencode-nvim",
        "openspec": "openspec"
      }
    }
  },
  "root": "root",
  "version": 7
}
