{
  "nodes": {
    "home-manager": {
      "inputs": {
        "nixpkgs": [
          "nixpkgs"
        ]
      },
      "locked": {
        "lastModified": 1769289524,
        "narHash": "sha256-6Cwtvzrw79cOk1lCzN2aKSVrpgSOSQoYhyMmhXXZjTA=",
        "owner": "nix-community",
        "repo": "home-manager",
        "rev": "2539eba97a6df237d75617c25cd2dbef92df3d5b",
        "type": "github"
      },
      "original": {
        "owner": "nix-community",
        "repo": "home-manager",
        "type": "github"
      }
    },
    "nixpkgs": {
      "locked": {
        "lastModified": 1769298235,
        "narHash": "sha256-6LYNeTHX7779CiR4oqhG4C6u2NIUeZUOfITHgywaRlQ=",
        "owner": "nixos",
        "repo": "nixpkgs",
        "rev": "26b0093bc977081dc7653175a3fadab11e07bed7",
        "type": "github"
      },
      "original": {
        "owner": "nixos",
        "ref": "nixpkgs-unstable",
        "repo": "nixpkgs",
        "type": "github"
      }
    },
    "opencode": {
      "inputs": {
        "nixpkgs": [
          "nixpkgs"
        ]
      },
      "locked": {
        "lastModified": 1769316149,
        "narHash": "sha256-vwWOY+qaT7/TZs73R8taOPAT+AFtNFS1Svjdr3iP6Mc=",
        "owner": "anomalyco",
        "repo": "opencode",
        "rev": "0bc4a433206aa0cde9f0032963ac608af9764715",
        "type": "github"
      },
      "original": {
        "owner": "anomalyco",
        "repo": "opencode",
        "type": "github"
      }
    },
    "opencode-nvim": {
      "flake": false,
      "locked": {
        "lastModified": 1769280633,
        "narHash": "sha256-U4klSnkXt+qsCnKPdAn5oN1VfSh3RbJTOzbTwccdS0w=",
        "owner": "NickvanDyke",
        "repo": "opencode.nvim",
        "rev": "0f85a4446720263b172521caa9cfaaf782a4f4ad",
        "type": "github"
      },
      "original": {
        "owner": "NickvanDyke",
        "repo": "opencode.nvim",
        "type": "github"
      }
    },
    "openspec": {
      "inputs": {
        "nixpkgs": [
          "nixpkgs"
        ]
      },
      "locked": {
        "lastModified": 1769309285,
        "narHash": "sha256-mTn/601oTN6gPUY1iQAV3AEtc6Y23PvPgHrdOg38qTM=",
        "owner": "Fission-AI",
        "repo": "OpenSpec",
        "rev": "26ed336a16b45c48937eca05d592abed8c90b430",
        "type": "github"
      },
      "original": {
        "owner": "Fission-AI",
        "repo": "OpenSpec",
        "type": "github"
      }
    },
    "root": {
      "inputs": {
        "home-manager": "home-manager",
        "nixpkgs": "nixpkgs",
        "opencode": "opencode",
        "opencode-nvim": "opencode-nvim",
        "openspec": "openspec"
      }
    }
  },
  "root": "root",
  "version": 7
}
